// !$*UTF8*$!
{
	archiveVersion = 1;
	classes = {
	};
	objectVersion = 51;
	objects = {

/* Begin PBXBuildFile section */
		1B1FF88B0F8F59BCBC2A7D3F /* Pods_MVP.framework in Frameworks */ = {isa = PBXBuildFile; fileRef = 10F80925865B74E1E022BB4C /* Pods_MVP.framework */; };
		94E0226D250E69F70019639B /* AppDelegate.swift in Sources */ = {isa = PBXBuildFile; fileRef = 94E0226C250E69F70019639B /* AppDelegate.swift */; };
		94E0226F250E69F70019639B /* SceneDelegate.swift in Sources */ = {isa = PBXBuildFile; fileRef = 94E0226E250E69F70019639B /* SceneDelegate.swift */; };
		94E02271250E69F70019639B /* ViewController.swift in Sources */ = {isa = PBXBuildFile; fileRef = 94E02270250E69F70019639B /* ViewController.swift */; };
		94E02274250E69F70019639B /* Main.storyboard in Resources */ = {isa = PBXBuildFile; fileRef = 94E02272250E69F70019639B /* Main.storyboard */; };
		94E02276250E69F80019639B /* Assets.xcassets in Resources */ = {isa = PBXBuildFile; fileRef = 94E02275250E69F80019639B /* Assets.xcassets */; };
		94E02279250E69F80019639B /* LaunchScreen.storyboard in Resources */ = {isa = PBXBuildFile; fileRef = 94E02277250E69F80019639B /* LaunchScreen.storyboard */; };
		94E02284250E69F80019639B /* MVPTests.swift in Sources */ = {isa = PBXBuildFile; fileRef = 94E02283250E69F80019639B /* MVPTests.swift */; };
		94E0229C250E6F2B0019639B /* TodoUserTableViewCell.swift in Sources */ = {isa = PBXBuildFile; fileRef = 94E02299250E6F2B0019639B /* TodoUserTableViewCell.swift */; };
		94E0229D250E6F2B0019639B /* TodoUserList.storyboard in Resources */ = {isa = PBXBuildFile; fileRef = 94E0229A250E6F2B0019639B /* TodoUserList.storyboard */; };
		94E0229E250E6F2B0019639B /* TodoUserListViewController.swift in Sources */ = {isa = PBXBuildFile; fileRef = 94E0229B250E6F2B0019639B /* TodoUserListViewController.swift */; };
		94E022A3250E6F390019639B /* TodoUserListResponse.swift in Sources */ = {isa = PBXBuildFile; fileRef = 94E0229F250E6F380019639B /* TodoUserListResponse.swift */; };
		94E022A4250E6F390019639B /* TodoUserListProtocol.swift in Sources */ = {isa = PBXBuildFile; fileRef = 94E022A0250E6F380019639B /* TodoUserListProtocol.swift */; };
		94E022A5250E6F390019639B /* TodoUserListError.swift in Sources */ = {isa = PBXBuildFile; fileRef = 94E022A1250E6F390019639B /* TodoUserListError.swift */; };
		94E022A6250E6F390019639B /* TodoUserTableCellViewModel.swift in Sources */ = {isa = PBXBuildFile; fileRef = 94E022A2250E6F390019639B /* TodoUserTableCellViewModel.swift */; };
		94E022A8250E79700019639B /* TodoUserListPresenter.swift in Sources */ = {isa = PBXBuildFile; fileRef = 94E022A7250E79700019639B /* TodoUserListPresenter.swift */; };
		94E022AA250E799E0019639B /* TodoUserListNetworkRouter.swift in Sources */ = {isa = PBXBuildFile; fileRef = 94E022A9250E799E0019639B /* TodoUserListNetworkRouter.swift */; };
		94E022AD250E7A3E0019639B /* CodableTransformer.swift in Sources */ = {isa = PBXBuildFile; fileRef = 94E022AC250E7A3E0019639B /* CodableTransformer.swift */; };
		94E022B6250E7CE90019639B /* UserTodoTableViewCell.swift in Sources */ = {isa = PBXBuildFile; fileRef = 94E022B3250E7CE90019639B /* UserTodoTableViewCell.swift */; };
		94E022B7250E7CE90019639B /* UserTodoListViewController.swift in Sources */ = {isa = PBXBuildFile; fileRef = 94E022B4250E7CE90019639B /* UserTodoListViewController.swift */; };
		94E022B8250E7CE90019639B /* UserTodoList.storyboard in Resources */ = {isa = PBXBuildFile; fileRef = 94E022B5250E7CE90019639B /* UserTodoList.storyboard */; };
		94E022BE250E7CFB0019639B /* UserTodoCellViewModel.swift in Sources */ = {isa = PBXBuildFile; fileRef = 94E022B9250E7CFB0019639B /* UserTodoCellViewModel.swift */; };
		94E022BF250E7CFB0019639B /* UserTodoListError.swift in Sources */ = {isa = PBXBuildFile; fileRef = 94E022BA250E7CFB0019639B /* UserTodoListError.swift */; };
		94E022C0250E7CFB0019639B /* UserTodoListRequest.swift in Sources */ = {isa = PBXBuildFile; fileRef = 94E022BB250E7CFB0019639B /* UserTodoListRequest.swift */; };
		94E022C1250E7CFB0019639B /* UserTodoListProtocol.swift in Sources */ = {isa = PBXBuildFile; fileRef = 94E022BC250E7CFB0019639B /* UserTodoListProtocol.swift */; };
		94E022C2250E7CFB0019639B /* UserTodoListResponse.swift in Sources */ = {isa = PBXBuildFile; fileRef = 94E022BD250E7CFB0019639B /* UserTodoListResponse.swift */; };
		94E022C4250E7DD40019639B /* UIViewController.swift in Sources */ = {isa = PBXBuildFile; fileRef = 94E022C3250E7DD40019639B /* UIViewController.swift */; };
		94E022C8250E7DFD0019639B /* UserTodoListPresenter.swift in Sources */ = {isa = PBXBuildFile; fileRef = 94E022C7250E7DFD0019639B /* UserTodoListPresenter.swift */; };
		94E022CA250E7E5C0019639B /* UserTodoNetworkRouter.swift in Sources */ = {isa = PBXBuildFile; fileRef = 94E022C9250E7E5C0019639B /* UserTodoNetworkRouter.swift */; };
		BA1C3B92D2ECFFD74E200340 /* Pods_MVPTests.framework in Frameworks */ = {isa = PBXBuildFile; fileRef = 6AE39181FCC314FF7FAA0A4D /* Pods_MVPTests.framework */; };
/* End PBXBuildFile section */

/* Begin PBXContainerItemProxy section */
		94E02280250E69F80019639B /* PBXContainerItemProxy */ = {
			isa = PBXContainerItemProxy;
			containerPortal = 94E02261250E69F60019639B /* Project object */;
			proxyType = 1;
			remoteGlobalIDString = 94E02268250E69F70019639B;
			remoteInfo = MVP;
		};
/* End PBXContainerItemProxy section */

/* Begin PBXFileReference section */
		10F80925865B74E1E022BB4C /* Pods_MVP.framework */ = {isa = PBXFileReference; explicitFileType = wrapper.framework; includeInIndex = 0; path = Pods_MVP.framework; sourceTree = BUILT_PRODUCTS_DIR; };
		6AE39181FCC314FF7FAA0A4D /* Pods_MVPTests.framework */ = {isa = PBXFileReference; explicitFileType = wrapper.framework; includeInIndex = 0; path = Pods_MVPTests.framework; sourceTree = BUILT_PRODUCTS_DIR; };
		7B1C6A5C348128DF88B4B176 /* Pods-MVPTests.debug.xcconfig */ = {isa = PBXFileReference; includeInIndex = 1; lastKnownFileType = text.xcconfig; name = "Pods-MVPTests.debug.xcconfig"; path = "Target Support Files/Pods-MVPTests/Pods-MVPTests.debug.xcconfig"; sourceTree = "<group>"; };
		8DC7E7BFFE4155F2FD32FF84 /* Pods-MVP.release.xcconfig */ = {isa = PBXFileReference; includeInIndex = 1; lastKnownFileType = text.xcconfig; name = "Pods-MVP.release.xcconfig"; path = "Target Support Files/Pods-MVP/Pods-MVP.release.xcconfig"; sourceTree = "<group>"; };
		94E02269250E69F70019639B /* MVP.app */ = {isa = PBXFileReference; explicitFileType = wrapper.application; includeInIndex = 0; path = MVP.app; sourceTree = BUILT_PRODUCTS_DIR; };
		94E0226C250E69F70019639B /* AppDelegate.swift */ = {isa = PBXFileReference; lastKnownFileType = sourcecode.swift; path = AppDelegate.swift; sourceTree = "<group>"; };
		94E0226E250E69F70019639B /* SceneDelegate.swift */ = {isa = PBXFileReference; lastKnownFileType = sourcecode.swift; path = SceneDelegate.swift; sourceTree = "<group>"; };
		94E02270250E69F70019639B /* ViewController.swift */ = {isa = PBXFileReference; lastKnownFileType = sourcecode.swift; path = ViewController.swift; sourceTree = "<group>"; };
		94E02273250E69F70019639B /* Base */ = {isa = PBXFileReference; lastKnownFileType = file.storyboard; name = Base; path = Base.lproj/Main.storyboard; sourceTree = "<group>"; };
		94E02275250E69F80019639B /* Assets.xcassets */ = {isa = PBXFileReference; lastKnownFileType = folder.assetcatalog; path = Assets.xcassets; sourceTree = "<group>"; };
		94E02278250E69F80019639B /* Base */ = {isa = PBXFileReference; lastKnownFileType = file.storyboard; name = Base; path = Base.lproj/LaunchScreen.storyboard; sourceTree = "<group>"; };
		94E0227A250E69F80019639B /* Info.plist */ = {isa = PBXFileReference; lastKnownFileType = text.plist.xml; path = Info.plist; sourceTree = "<group>"; };
		94E0227F250E69F80019639B /* MVPTests.xctest */ = {isa = PBXFileReference; explicitFileType = wrapper.cfbundle; includeInIndex = 0; path = MVPTests.xctest; sourceTree = BUILT_PRODUCTS_DIR; };
		94E02283250E69F80019639B /* MVPTests.swift */ = {isa = PBXFileReference; lastKnownFileType = sourcecode.swift; path = MVPTests.swift; sourceTree = "<group>"; };
		94E02285250E69F80019639B /* Info.plist */ = {isa = PBXFileReference; lastKnownFileType = text.plist.xml; path = Info.plist; sourceTree = "<group>"; };
		94E02299250E6F2B0019639B /* TodoUserTableViewCell.swift */ = {isa = PBXFileReference; fileEncoding = 4; lastKnownFileType = sourcecode.swift; path = TodoUserTableViewCell.swift; sourceTree = "<group>"; };
		94E0229A250E6F2B0019639B /* TodoUserList.storyboard */ = {isa = PBXFileReference; fileEncoding = 4; lastKnownFileType = file.storyboard; path = TodoUserList.storyboard; sourceTree = "<group>"; };
		94E0229B250E6F2B0019639B /* TodoUserListViewController.swift */ = {isa = PBXFileReference; fileEncoding = 4; lastKnownFileType = sourcecode.swift; path = TodoUserListViewController.swift; sourceTree = "<group>"; };
		94E0229F250E6F380019639B /* TodoUserListResponse.swift */ = {isa = PBXFileReference; fileEncoding = 4; lastKnownFileType = sourcecode.swift; path = TodoUserListResponse.swift; sourceTree = "<group>"; };
		94E022A0250E6F380019639B /* TodoUserListProtocol.swift */ = {isa = PBXFileReference; fileEncoding = 4; lastKnownFileType = sourcecode.swift; path = TodoUserListProtocol.swift; sourceTree = "<group>"; };
		94E022A1250E6F390019639B /* TodoUserListError.swift */ = {isa = PBXFileReference; fileEncoding = 4; lastKnownFileType = sourcecode.swift; path = TodoUserListError.swift; sourceTree = "<group>"; };
		94E022A2250E6F390019639B /* TodoUserTableCellViewModel.swift */ = {isa = PBXFileReference; fileEncoding = 4; lastKnownFileType = sourcecode.swift; path = TodoUserTableCellViewModel.swift; sourceTree = "<group>"; };
		94E022A7250E79700019639B /* TodoUserListPresenter.swift */ = {isa = PBXFileReference; lastKnownFileType = sourcecode.swift; path = TodoUserListPresenter.swift; sourceTree = "<group>"; };
		94E022A9250E799E0019639B /* TodoUserListNetworkRouter.swift */ = {isa = PBXFileReference; fileEncoding = 4; lastKnownFileType = sourcecode.swift; path = TodoUserListNetworkRouter.swift; sourceTree = "<group>"; };
		94E022AC250E7A3E0019639B /* CodableTransformer.swift */ = {isa = PBXFileReference; fileEncoding = 4; lastKnownFileType = sourcecode.swift; path = CodableTransformer.swift; sourceTree = "<group>"; };
		94E022B3250E7CE90019639B /* UserTodoTableViewCell.swift */ = {isa = PBXFileReference; fileEncoding = 4; lastKnownFileType = sourcecode.swift; path = UserTodoTableViewCell.swift; sourceTree = "<group>"; };
		94E022B4250E7CE90019639B /* UserTodoListViewController.swift */ = {isa = PBXFileReference; fileEncoding = 4; lastKnownFileType = sourcecode.swift; path = UserTodoListViewController.swift; sourceTree = "<group>"; };
		94E022B5250E7CE90019639B /* UserTodoList.storyboard */ = {isa = PBXFileReference; fileEncoding = 4; lastKnownFileType = file.storyboard; path = UserTodoList.storyboard; sourceTree = "<group>"; };
		94E022B9250E7CFB0019639B /* UserTodoCellViewModel.swift */ = {isa = PBXFileReference; fileEncoding = 4; lastKnownFileType = sourcecode.swift; path = UserTodoCellViewModel.swift; sourceTree = "<group>"; };
		94E022BA250E7CFB0019639B /* UserTodoListError.swift */ = {isa = PBXFileReference; fileEncoding = 4; lastKnownFileType = sourcecode.swift; path = UserTodoListError.swift; sourceTree = "<group>"; };
		94E022BB250E7CFB0019639B /* UserTodoListRequest.swift */ = {isa = PBXFileReference; fileEncoding = 4; lastKnownFileType = sourcecode.swift; path = UserTodoListRequest.swift; sourceTree = "<group>"; };
		94E022BC250E7CFB0019639B /* UserTodoListProtocol.swift */ = {isa = PBXFileReference; fileEncoding = 4; lastKnownFileType = sourcecode.swift; path = UserTodoListProtocol.swift; sourceTree = "<group>"; };
		94E022BD250E7CFB0019639B /* UserTodoListResponse.swift */ = {isa = PBXFileReference; fileEncoding = 4; lastKnownFileType = sourcecode.swift; path = UserTodoListResponse.swift; sourceTree = "<group>"; };
		94E022C3250E7DD40019639B /* UIViewController.swift */ = {isa = PBXFileReference; fileEncoding = 4; lastKnownFileType = sourcecode.swift; path = UIViewController.swift; sourceTree = "<group>"; };
		94E022C7250E7DFD0019639B /* UserTodoListPresenter.swift */ = {isa = PBXFileReference; lastKnownFileType = sourcecode.swift; path = UserTodoListPresenter.swift; sourceTree = "<group>"; };
		94E022C9250E7E5C0019639B /* UserTodoNetworkRouter.swift */ = {isa = PBXFileReference; fileEncoding = 4; lastKnownFileType = sourcecode.swift; path = UserTodoNetworkRouter.swift; sourceTree = "<group>"; };
		D363CA9F3CC5660F8E71CC46 /* Pods-MVPTests.release.xcconfig */ = {isa = PBXFileReference; includeInIndex = 1; lastKnownFileType = text.xcconfig; name = "Pods-MVPTests.release.xcconfig"; path = "Target Support Files/Pods-MVPTests/Pods-MVPTests.release.xcconfig"; sourceTree = "<group>"; };
		F4B9E2752DF19D4A015DA53D /* Pods-MVP.debug.xcconfig */ = {isa = PBXFileReference; includeInIndex = 1; lastKnownFileType = text.xcconfig; name = "Pods-MVP.debug.xcconfig"; path = "Target Support Files/Pods-MVP/Pods-MVP.debug.xcconfig"; sourceTree = "<group>"; };
/* End PBXFileReference section */

/* Begin PBXFrameworksBuildPhase section */
		94E02266250E69F70019639B /* Frameworks */ = {
			isa = PBXFrameworksBuildPhase;
			buildActionMask = 2147483647;
			files = (
				1B1FF88B0F8F59BCBC2A7D3F /* Pods_MVP.framework in Frameworks */,
			);
			runOnlyForDeploymentPostprocessing = 0;
		};
		94E0227C250E69F80019639B /* Frameworks */ = {
			isa = PBXFrameworksBuildPhase;
			buildActionMask = 2147483647;
			files = (
				BA1C3B92D2ECFFD74E200340 /* Pods_MVPTests.framework in Frameworks */,
			);
			runOnlyForDeploymentPostprocessing = 0;
		};
/* End PBXFrameworksBuildPhase section */

/* Begin PBXGroup section */
		2C5EC6E595CA963E9B42C243 /* Frameworks */ = {
			isa = PBXGroup;
			children = (
				10F80925865B74E1E022BB4C /* Pods_MVP.framework */,
				6AE39181FCC314FF7FAA0A4D /* Pods_MVPTests.framework */,
			);
			name = Frameworks;
			sourceTree = "<group>";
		};
		3BBFD546F39C11A252426E8B /* Pods */ = {
			isa = PBXGroup;
			children = (
				F4B9E2752DF19D4A015DA53D /* Pods-MVP.debug.xcconfig */,
				8DC7E7BFFE4155F2FD32FF84 /* Pods-MVP.release.xcconfig */,
				7B1C6A5C348128DF88B4B176 /* Pods-MVPTests.debug.xcconfig */,
				D363CA9F3CC5660F8E71CC46 /* Pods-MVPTests.release.xcconfig */,
			);
			path = Pods;
			sourceTree = "<group>";
		};
		94E02260250E69F60019639B = {
			isa = PBXGroup;
			children = (
				94E0226B250E69F70019639B /* MVP */,
				94E02282250E69F80019639B /* MVPTests */,
				94E0226A250E69F70019639B /* Products */,
				3BBFD546F39C11A252426E8B /* Pods */,
				2C5EC6E595CA963E9B42C243 /* Frameworks */,
			);
			sourceTree = "<group>";
		};
		94E0226A250E69F70019639B /* Products */ = {
			isa = PBXGroup;
			children = (
				94E02269250E69F70019639B /* MVP.app */,
				94E0227F250E69F80019639B /* MVPTests.xctest */,
			);
			name = Products;
			sourceTree = "<group>";
		};
		94E0226B250E69F70019639B /* MVP */ = {
			isa = PBXGroup;
			children = (
				94E022AE250E7CA60019639B /* UserTodoList */,
				94E022AB250E7A300019639B /* Common */,
				94E0228E250E6EA20019639B /* TodoUserList */,
				94E0226C250E69F70019639B /* AppDelegate.swift */,
				94E0226E250E69F70019639B /* SceneDelegate.swift */,
				94E02270250E69F70019639B /* ViewController.swift */,
				94E02272250E69F70019639B /* Main.storyboard */,
				94E02275250E69F80019639B /* Assets.xcassets */,
				94E02277250E69F80019639B /* LaunchScreen.storyboard */,
				94E0227A250E69F80019639B /* Info.plist */,
			);
			path = MVP;
			sourceTree = "<group>";
		};
		94E02282250E69F80019639B /* MVPTests */ = {
			isa = PBXGroup;
			children = (
				94E02283250E69F80019639B /* MVPTests.swift */,
				94E02285250E69F80019639B /* Info.plist */,
			);
			path = MVPTests;
			sourceTree = "<group>";
		};
		94E0228E250E6EA20019639B /* TodoUserList */ = {
			isa = PBXGroup;
			children = (
				94E02298250E6F080019639B /* Presenter */,
				94E02297250E6F040019639B /* View */,
				94E02296250E6EFF0019639B /* Model */,
			);
			path = TodoUserList;
			sourceTree = "<group>";
		};
		94E02296250E6EFF0019639B /* Model */ = {
			isa = PBXGroup;
			children = (
				94E022A9250E799E0019639B /* TodoUserListNetworkRouter.swift */,
				94E022A1250E6F390019639B /* TodoUserListError.swift */,
				94E022A0250E6F380019639B /* TodoUserListProtocol.swift */,
				94E0229F250E6F380019639B /* TodoUserListResponse.swift */,
				94E022A2250E6F390019639B /* TodoUserTableCellViewModel.swift */,
			);
			path = Model;
			sourceTree = "<group>";
		};
		94E02297250E6F040019639B /* View */ = {
			isa = PBXGroup;
			children = (
				94E0229A250E6F2B0019639B /* TodoUserList.storyboard */,
				94E0229B250E6F2B0019639B /* TodoUserListViewController.swift */,
				94E02299250E6F2B0019639B /* TodoUserTableViewCell.swift */,
			);
			path = View;
			sourceTree = "<group>";
		};
		94E02298250E6F080019639B /* Presenter */ = {
			isa = PBXGroup;
			children = (
				94E022A7250E79700019639B /* TodoUserListPresenter.swift */,
			);
			path = Presenter;
			sourceTree = "<group>";
		};
		94E022AB250E7A300019639B /* Common */ = {
			isa = PBXGroup;
			children = (
				94E022C6250E7DDF0019639B /* Extension */,
				94E022C5250E7DD70019639B /* Helper */,
			);
			path = Common;
			sourceTree = "<group>";
		};
		94E022AE250E7CA60019639B /* UserTodoList */ = {
			isa = PBXGroup;
			children = (
				94E022B2250E7CD50019639B /* Presenter */,
				94E022B1250E7CD10019639B /* View */,
				94E022B0250E7CCD0019639B /* Model */,
			);
			path = UserTodoList;
			sourceTree = "<group>";
		};
		94E022B0250E7CCD0019639B /* Model */ = {
			isa = PBXGroup;
			children = (
				94E022C9250E7E5C0019639B /* UserTodoNetworkRouter.swift */,
				94E022B9250E7CFB0019639B /* UserTodoCellViewModel.swift */,
				94E022BA250E7CFB0019639B /* UserTodoListError.swift */,
				94E022BC250E7CFB0019639B /* UserTodoListProtocol.swift */,
				94E022BB250E7CFB0019639B /* UserTodoListRequest.swift */,
				94E022BD250E7CFB0019639B /* UserTodoListResponse.swift */,
			);
			path = Model;
			sourceTree = "<group>";
		};
		94E022B1250E7CD10019639B /* View */ = {
			isa = PBXGroup;
			children = (
				94E022B5250E7CE90019639B /* UserTodoList.storyboard */,
				94E022B4250E7CE90019639B /* UserTodoListViewController.swift */,
				94E022B3250E7CE90019639B /* UserTodoTableViewCell.swift */,
			);
			path = View;
			sourceTree = "<group>";
		};
		94E022B2250E7CD50019639B /* Presenter */ = {
			isa = PBXGroup;
			children = (
				94E022C7250E7DFD0019639B /* UserTodoListPresenter.swift */,
			);
			path = Presenter;
			sourceTree = "<group>";
		};
		94E022C5250E7DD70019639B /* Helper */ = {
			isa = PBXGroup;
			children = (
				94E022AC250E7A3E0019639B /* CodableTransformer.swift */,
			);
			path = Helper;
			sourceTree = "<group>";
		};
		94E022C6250E7DDF0019639B /* Extension */ = {
			isa = PBXGroup;
			children = (
				94E022C3250E7DD40019639B /* UIViewController.swift */,
			);
			path = Extension;
			sourceTree = "<group>";
		};
/* End PBXGroup section */

/* Begin PBXNativeTarget section */
		94E02268250E69F70019639B /* MVP */ = {
			isa = PBXNativeTarget;
			buildConfigurationList = 94E02288250E69F80019639B /* Build configuration list for PBXNativeTarget "MVP" */;
			buildPhases = (
				CE1B752848803CFA554D11BF /* [CP] Check Pods Manifest.lock */,
				94E02265250E69F70019639B /* Sources */,
				94E02266250E69F70019639B /* Frameworks */,
				94E02267250E69F70019639B /* Resources */,
				1BE3B5AE83C94A3F23D56B82 /* [CP] Embed Pods Frameworks */,
			);
			buildRules = (
			);
			dependencies = (
			);
			name = MVP;
			productName = MVP;
			productReference = 94E02269250E69F70019639B /* MVP.app */;
			productType = "com.apple.product-type.application";
		};
		94E0227E250E69F80019639B /* MVPTests */ = {
			isa = PBXNativeTarget;
			buildConfigurationList = 94E0228B250E69F80019639B /* Build configuration list for PBXNativeTarget "MVPTests" */;
			buildPhases = (
				CB852344677BDCE4F72D0C31 /* [CP] Check Pods Manifest.lock */,
				94E0227B250E69F80019639B /* Sources */,
				94E0227C250E69F80019639B /* Frameworks */,
				94E0227D250E69F80019639B /* Resources */,
			);
			buildRules = (
			);
			dependencies = (
				94E02281250E69F80019639B /* PBXTargetDependency */,
			);
			name = MVPTests;
			productName = MVPTests;
			productReference = 94E0227F250E69F80019639B /* MVPTests.xctest */;
			productType = "com.apple.product-type.bundle.unit-test";
		};
/* End PBXNativeTarget section */

/* Begin PBXProject section */
		94E02261250E69F60019639B /* Project object */ = {
			isa = PBXProject;
			attributes = {
				LastSwiftUpdateCheck = 1130;
				LastUpgradeCheck = 1130;
				ORGANIZATIONNAME = Learning;
				TargetAttributes = {
					94E02268250E69F70019639B = {
						CreatedOnToolsVersion = 11.3.1;
					};
					94E0227E250E69F80019639B = {
						CreatedOnToolsVersion = 11.3.1;
						TestTargetID = 94E02268250E69F70019639B;
					};
				};
			};
			buildConfigurationList = 94E02264250E69F60019639B /* Build configuration list for PBXProject "MVP" */;
			compatibilityVersion = "Xcode 9.3";
			developmentRegion = en;
			hasScannedForEncodings = 0;
			knownRegions = (
				en,
				Base,
			);
			mainGroup = 94E02260250E69F60019639B;
			productRefGroup = 94E0226A250E69F70019639B /* Products */;
			projectDirPath = "";
			projectRoot = "";
			targets = (
				94E02268250E69F70019639B /* MVP */,
				94E0227E250E69F80019639B /* MVPTests */,
			);
		};
/* End PBXProject section */

/* Begin PBXResourcesBuildPhase section */
		94E02267250E69F70019639B /* Resources */ = {
			isa = PBXResourcesBuildPhase;
			buildActionMask = 2147483647;
			files = (
				94E02279250E69F80019639B /* LaunchScreen.storyboard in Resources */,
				94E022B8250E7CE90019639B /* UserTodoList.storyboard in Resources */,
				94E02276250E69F80019639B /* Assets.xcassets in Resources */,
				94E02274250E69F70019639B /* Main.storyboard in Resources */,
				94E0229D250E6F2B0019639B /* TodoUserList.storyboard in Resources */,
			);
			runOnlyForDeploymentPostprocessing = 0;
		};
		94E0227D250E69F80019639B /* Resources */ = {
			isa = PBXResourcesBuildPhase;
			buildActionMask = 2147483647;
			files = (
			);
			runOnlyForDeploymentPostprocessing = 0;
		};
/* End PBXResourcesBuildPhase section */

/* Begin PBXShellScriptBuildPhase section */
		1BE3B5AE83C94A3F23D56B82 /* [CP] Embed Pods Frameworks */ = {
			isa = PBXShellScriptBuildPhase;
			buildActionMask = 2147483647;
			files = (
			);
			inputFileListPaths = (
				"${PODS_ROOT}/Target Support Files/Pods-MVP/Pods-MVP-frameworks-${CONFIGURATION}-input-files.xcfilelist",
			);
			name = "[CP] Embed Pods Frameworks";
			outputFileListPaths = (
				"${PODS_ROOT}/Target Support Files/Pods-MVP/Pods-MVP-frameworks-${CONFIGURATION}-output-files.xcfilelist",
			);
			runOnlyForDeploymentPostprocessing = 0;
			shellPath = /bin/sh;
			shellScript = "\"${PODS_ROOT}/Target Support Files/Pods-MVP/Pods-MVP-frameworks.sh\"\n";
			showEnvVarsInLog = 0;
		};
		CB852344677BDCE4F72D0C31 /* [CP] Check Pods Manifest.lock */ = {
			isa = PBXShellScriptBuildPhase;
			buildActionMask = 2147483647;
			files = (
			);
			inputFileListPaths = (
			);
			inputPaths = (
				"${PODS_PODFILE_DIR_PATH}/Podfile.lock",
				"${PODS_ROOT}/Manifest.lock",
			);
			name = "[CP] Check Pods Manifest.lock";
			outputFileListPaths = (
			);
			outputPaths = (
				"$(DERIVED_FILE_DIR)/Pods-MVPTests-checkManifestLockResult.txt",
			);
			runOnlyForDeploymentPostprocessing = 0;
			shellPath = /bin/sh;
			shellScript = "diff \"${PODS_PODFILE_DIR_PATH}/Podfile.lock\" \"${PODS_ROOT}/Manifest.lock\" > /dev/null\nif [ $? != 0 ] ; then\n    # print error to STDERR\n    echo \"error: The sandbox is not in sync with the Podfile.lock. Run 'pod install' or update your CocoaPods installation.\" >&2\n    exit 1\nfi\n# This output is used by Xcode 'outputs' to avoid re-running this script phase.\necho \"SUCCESS\" > \"${SCRIPT_OUTPUT_FILE_0}\"\n";
			showEnvVarsInLog = 0;
		};
		CE1B752848803CFA554D11BF /* [CP] Check Pods Manifest.lock */ = {
			isa = PBXShellScriptBuildPhase;
			buildActionMask = 2147483647;
			files = (
			);
			inputFileListPaths = (
			);
			inputPaths = (
				"${PODS_PODFILE_DIR_PATH}/Podfile.lock",
				"${PODS_ROOT}/Manifest.lock",
			);
			name = "[CP] Check Pods Manifest.lock";
			outputFileListPaths = (
			);
			outputPaths = (
				"$(DERIVED_FILE_DIR)/Pods-MVP-checkManifestLockResult.txt",
			);
			runOnlyForDeploymentPostprocessing = 0;
			shellPath = /bin/sh;
			shellScript = "diff \"${PODS_PODFILE_DIR_PATH}/Podfile.lock\" \"${PODS_ROOT}/Manifest.lock\" > /dev/null\nif [ $? != 0 ] ; then\n    # print error to STDERR\n    echo \"error: The sandbox is not in sync with the Podfile.lock. Run 'pod install' or update your CocoaPods installation.\" >&2\n    exit 1\nfi\n# This output is used by Xcode 'outputs' to avoid re-running this script phase.\necho \"SUCCESS\" > \"${SCRIPT_OUTPUT_FILE_0}\"\n";
			showEnvVarsInLog = 0;
		};
/* End PBXShellScriptBuildPhase section */

/* Begin PBXSourcesBuildPhase section */
		94E02265250E69F70019639B /* Sources */ = {
			isa = PBXSourcesBuildPhase;
			buildActionMask = 2147483647;
			files = (
				94E022B7250E7CE90019639B /* UserTodoListViewController.swift in Sources */,
				94E02271250E69F70019639B /* ViewController.swift in Sources */,
				94E022A3250E6F390019639B /* TodoUserListResponse.swift in Sources */,
				94E022A6250E6F390019639B /* TodoUserTableCellViewModel.swift in Sources */,
				94E022CA250E7E5C0019639B /* UserTodoNetworkRouter.swift in Sources */,
				94E022A4250E6F390019639B /* TodoUserListProtocol.swift in Sources */,
				94E022C8250E7DFD0019639B /* UserTodoListPresenter.swift in Sources */,
				94E0226D250E69F70019639B /* AppDelegate.swift in Sources */,
				94E022C0250E7CFB0019639B /* UserTodoListRequest.swift in Sources */,
				94E022C2250E7CFB0019639B /* UserTodoListResponse.swift in Sources */,
				94E022AA250E799E0019639B /* TodoUserListNetworkRouter.swift in Sources */,
				94E022C1250E7CFB0019639B /* UserTodoListProtocol.swift in Sources */,
				94E0229C250E6F2B0019639B /* TodoUserTableViewCell.swift in Sources */,
				94E022A5250E6F390019639B /* TodoUserListError.swift in Sources */,
				94E022AD250E7A3E0019639B /* CodableTransformer.swift in Sources */,
				94E022B6250E7CE90019639B /* UserTodoTableViewCell.swift in Sources */,
				94E022C4250E7DD40019639B /* UIViewController.swift in Sources */,
				94E0229E250E6F2B0019639B /* TodoUserListViewController.swift in Sources */,
				94E0226F250E69F70019639B /* SceneDelegate.swift in Sources */,
				94E022BF250E7CFB0019639B /* UserTodoListError.swift in Sources */,
				94E022BE250E7CFB0019639B /* UserTodoCellViewModel.swift in Sources */,
				94E022A8250E79700019639B /* TodoUserListPresenter.swift in Sources */,
			);
			runOnlyForDeploymentPostprocessing = 0;
		};
		94E0227B250E69F80019639B /* Sources */ = {
			isa = PBXSourcesBuildPhase;
			buildActionMask = 2147483647;
			files = (
				94E02284250E69F80019639B /* MVPTests.swift in Sources */,
			);
			runOnlyForDeploymentPostprocessing = 0;
		};
/* End PBXSourcesBuildPhase section */

/* Begin PBXTargetDependency section */
		94E02281250E69F80019639B /* PBXTargetDependency */ = {
			isa = PBXTargetDependency;
			target = 94E02268250E69F70019639B /* MVP */;
			targetProxy = 94E02280250E69F80019639B /* PBXContainerItemProxy */;
		};
/* End PBXTargetDependency section */

/* Begin PBXVariantGroup section */
		94E02272250E69F70019639B /* Main.storyboard */ = {
			isa = PBXVariantGroup;
			children = (
				94E02273250E69F70019639B /* Base */,
			);
			name = Main.storyboard;
			sourceTree = "<group>";
		};
		94E02277250E69F80019639B /* LaunchScreen.storyboard */ = {
			isa = PBXVariantGroup;
			children = (
				94E02278250E69F80019639B /* Base */,
			);
			name = LaunchScreen.storyboard;
			sourceTree = "<group>";
		};
/* End PBXVariantGroup section */

/* Begin XCBuildConfiguration section */
		94E02286250E69F80019639B /* Debug */ = {
			isa = XCBuildConfiguration;
			buildSettings = {
				ALWAYS_SEARCH_USER_PATHS = NO;
				CLANG_ANALYZER_NONNULL = YES;
				CLANG_ANALYZER_NUMBER_OBJECT_CONVERSION = YES_AGGRESSIVE;
				CLANG_CXX_LANGUAGE_STANDARD = "gnu++14";
				CLANG_CXX_LIBRARY = "libc++";
				CLANG_ENABLE_MODULES = YES;
				CLANG_ENABLE_OBJC_ARC = YES;
				CLANG_ENABLE_OBJC_WEAK = YES;
				CLANG_WARN_BLOCK_CAPTURE_AUTORELEASING = YES;
				CLANG_WARN_BOOL_CONVERSION = YES;
				CLANG_WARN_COMMA = YES;
				CLANG_WARN_CONSTANT_CONVERSION = YES;
				CLANG_WARN_DEPRECATED_OBJC_IMPLEMENTATIONS = YES;
				CLANG_WARN_DIRECT_OBJC_ISA_USAGE = YES_ERROR;
				CLANG_WARN_DOCUMENTATION_COMMENTS = YES;
				CLANG_WARN_EMPTY_BODY = YES;
				CLANG_WARN_ENUM_CONVERSION = YES;
				CLANG_WARN_INFINITE_RECURSION = YES;
				CLANG_WARN_INT_CONVERSION = YES;
				CLANG_WARN_NON_LITERAL_NULL_CONVERSION = YES;
				CLANG_WARN_OBJC_IMPLICIT_RETAIN_SELF = YES;
				CLANG_WARN_OBJC_LITERAL_CONVERSION = YES;
				CLANG_WARN_OBJC_ROOT_CLASS = YES_ERROR;
				CLANG_WARN_RANGE_LOOP_ANALYSIS = YES;
				CLANG_WARN_STRICT_PROTOTYPES = YES;
				CLANG_WARN_SUSPICIOUS_MOVE = YES;
				CLANG_WARN_UNGUARDED_AVAILABILITY = YES_AGGRESSIVE;
				CLANG_WARN_UNREACHABLE_CODE = YES;
				CLANG_WARN__DUPLICATE_METHOD_MATCH = YES;
				COPY_PHASE_STRIP = NO;
				DEBUG_INFORMATION_FORMAT = dwarf;
				ENABLE_STRICT_OBJC_MSGSEND = YES;
				ENABLE_TESTABILITY = YES;
				GCC_C_LANGUAGE_STANDARD = gnu11;
				GCC_DYNAMIC_NO_PIC = NO;
				GCC_NO_COMMON_BLOCKS = YES;
				GCC_OPTIMIZATION_LEVEL = 0;
				GCC_PREPROCESSOR_DEFINITIONS = (
					"DEBUG=1",
					"$(inherited)",
				);
				GCC_WARN_64_TO_32_BIT_CONVERSION = YES;
				GCC_WARN_ABOUT_RETURN_TYPE = YES_ERROR;
				GCC_WARN_UNDECLARED_SELECTOR = YES;
				GCC_WARN_UNINITIALIZED_AUTOS = YES_AGGRESSIVE;
				GCC_WARN_UNUSED_FUNCTION = YES;
				GCC_WARN_UNUSED_VARIABLE = YES;
				IPHONEOS_DEPLOYMENT_TARGET = 13.2;
				MTL_ENABLE_DEBUG_INFO = INCLUDE_SOURCE;
				MTL_FAST_MATH = YES;
				ONLY_ACTIVE_ARCH = YES;
				SDKROOT = iphoneos;
				SWIFT_ACTIVE_COMPILATION_CONDITIONS = DEBUG;
				SWIFT_OPTIMIZATION_LEVEL = "-Onone";
			};
			name = Debug;
		};
		94E02287250E69F80019639B /* Release */ = {
			isa = XCBuildConfiguration;
			buildSettings = {
				ALWAYS_SEARCH_USER_PATHS = NO;
				CLANG_ANALYZER_NONNULL = YES;
				CLANG_ANALYZER_NUMBER_OBJECT_CONVERSION = YES_AGGRESSIVE;
				CLANG_CXX_LANGUAGE_STANDARD = "gnu++14";
				CLANG_CXX_LIBRARY = "libc++";
				CLANG_ENABLE_MODULES = YES;
				CLANG_ENABLE_OBJC_ARC = YES;
				CLANG_ENABLE_OBJC_WEAK = YES;
				CLANG_WARN_BLOCK_CAPTURE_AUTORELEASING = YES;
				CLANG_WARN_BOOL_CONVERSION = YES;
				CLANG_WARN_COMMA = YES;
				CLANG_WARN_CONSTANT_CONVERSION = YES;
				CLANG_WARN_DEPRECATED_OBJC_IMPLEMENTATIONS = YES;
				CLANG_WARN_DIRECT_OBJC_ISA_USAGE = YES_ERROR;
				CLANG_WARN_DOCUMENTATION_COMMENTS = YES;
				CLANG_WARN_EMPTY_BODY = YES;
				CLANG_WARN_ENUM_CONVERSION = YES;
				CLANG_WARN_INFINITE_RECURSION = YES;
				CLANG_WARN_INT_CONVERSION = YES;
				CLANG_WARN_NON_LITERAL_NULL_CONVERSION = YES;
				CLANG_WARN_OBJC_IMPLICIT_RETAIN_SELF = YES;
				CLANG_WARN_OBJC_LITERAL_CONVERSION = YES;
				CLANG_WARN_OBJC_ROOT_CLASS = YES_ERROR;
				CLANG_WARN_RANGE_LOOP_ANALYSIS = YES;
				CLANG_WARN_STRICT_PROTOTYPES = YES;
				CLANG_WARN_SUSPICIOUS_MOVE = YES;
				CLANG_WARN_UNGUARDED_AVAILABILITY = YES_AGGRESSIVE;
				CLANG_WARN_UNREACHABLE_CODE = YES;
				CLANG_WARN__DUPLICATE_METHOD_MATCH = YES;
				COPY_PHASE_STRIP = NO;
				DEBUG_INFORMATION_FORMAT = "dwarf-with-dsym";
				ENABLE_NS_ASSERTIONS = NO;
				ENABLE_STRICT_OBJC_MSGSEND = YES;
				GCC_C_LANGUAGE_STANDARD = gnu11;
				GCC_NO_COMMON_BLOCKS = YES;
				GCC_WARN_64_TO_32_BIT_CONVERSION = YES;
				GCC_WARN_ABOUT_RETURN_TYPE = YES_ERROR;
				GCC_WARN_UNDECLARED_SELECTOR = YES;
				GCC_WARN_UNINITIALIZED_AUTOS = YES_AGGRESSIVE;
				GCC_WARN_UNUSED_FUNCTION = YES;
				GCC_WARN_UNUSED_VARIABLE = YES;
				IPHONEOS_DEPLOYMENT_TARGET = 13.2;
				MTL_ENABLE_DEBUG_INFO = NO;
				MTL_FAST_MATH = YES;
				SDKROOT = iphoneos;
				SWIFT_COMPILATION_MODE = wholemodule;
				SWIFT_OPTIMIZATION_LEVEL = "-O";
				VALIDATE_PRODUCT = YES;
			};
			name = Release;
		};
		94E02289250E69F80019639B /* Debug */ = {
			isa = XCBuildConfiguration;
			baseConfigurationReference = F4B9E2752DF19D4A015DA53D /* Pods-MVP.debug.xcconfig */;
			buildSettings = {
				ASSETCATALOG_COMPILER_APPICON_NAME = AppIcon;
				CODE_SIGN_STYLE = Automatic;
				DEVELOPMENT_TEAM = TGMD963KYP;
				INFOPLIST_FILE = MVP/Info.plist;
				LD_RUNPATH_SEARCH_PATHS = (
					"$(inherited)",
					"@executable_path/Frameworks",
				);
				PRODUCT_BUNDLE_IDENTIFIER = Learning.MVP;
				PRODUCT_NAME = "$(TARGET_NAME)";
				SWIFT_VERSION = 5.0;
				TARGETED_DEVICE_FAMILY = "1,2";
			};
			name = Debug;
		};
		94E0228A250E69F80019639B /* Release */ = {
			isa = XCBuildConfiguration;
			baseConfigurationReference = 8DC7E7BFFE4155F2FD32FF84 /* Pods-MVP.release.xcconfig */;
			buildSettings = {
				ASSETCATALOG_COMPILER_APPICON_NAME = AppIcon;
				CODE_SIGN_STYLE = Automatic;
				DEVELOPMENT_TEAM = TGMD963KYP;
				INFOPLIST_FILE = MVP/Info.plist;
				LD_RUNPATH_SEARCH_PATHS = (
					"$(inherited)",
					"@executable_path/Frameworks",
				);
				PRODUCT_BUNDLE_IDENTIFIER = Learning.MVP;
				PRODUCT_NAME = "$(TARGET_NAME)";
				SWIFT_VERSION = 5.0;
				TARGETED_DEVICE_FAMILY = "1,2";
			};
			name = Release;
		};
		94E0228C250E69F80019639B /* Debug */ = {
			isa = XCBuildConfiguration;
			baseConfigurationReference = 7B1C6A5C348128DF88B4B176 /* Pods-MVPTests.debug.xcconfig */;
			buildSettings = {
				ALWAYS_EMBED_SWIFT_STANDARD_LIBRARIES = YES;
				BUNDLE_LOADER = "$(TEST_HOST)";
				CODE_SIGN_STYLE = Automatic;
				DEVELOPMENT_TEAM = TGMD963KYP;
				INFOPLIST_FILE = MVPTests/Info.plist;
				IPHONEOS_DEPLOYMENT_TARGET = 13.2;
				LD_RUNPATH_SEARCH_PATHS = (
					"$(inherited)",
					"@executable_path/Frameworks",
					"@loader_path/Frameworks",
				);
				PRODUCT_BUNDLE_IDENTIFIER = Learning.MVPTests;
				PRODUCT_NAME = "$(TARGET_NAME)";
				SWIFT_VERSION = 5.0;
				TARGETED_DEVICE_FAMILY = "1,2";
				TEST_HOST = "$(BUILT_PRODUCTS_DIR)/MVP.app/MVP";
			};
			name = Debug;
		};
		94E0228D250E69F80019639B /* Release */ = {
			isa = XCBuildConfiguration;
			baseConfigurationReference = D363CA9F3CC5660F8E71CC46 /* Pods-MVPTests.release.xcconfig */;
			buildSettings = {
				ALWAYS_EMBED_SWIFT_STANDARD_LIBRARIES = YES;
				BUNDLE_LOADER = "$(TEST_HOST)";
				CODE_SIGN_STYLE = Automatic;
				DEVELOPMENT_TEAM = TGMD963KYP;
				INFOPLIST_FILE = MVPTests/Info.plist;
				IPHONEOS_DEPLOYMENT_TARGET = 13.2;
				LD_RUNPATH_SEARCH_PATHS = (
					"$(inherited)",
					"@executable_path/Frameworks",
					"@loader_path/Frameworks",
				);
				PRODUCT_BUNDLE_IDENTIFIER = Learning.MVPTests;
				PRODUCT_NAME = "$(TARGET_NAME)";
				SWIFT_VERSION = 5.0;
				TARGETED_DEVICE_FAMILY = "1,2";
				TEST_HOST = "$(BUILT_PRODUCTS_DIR)/MVP.app/MVP";
			};
			name = Release;
		};
/* End XCBuildConfiguration section */

/* Begin XCConfigurationList section */
		94E02264250E69F60019639B /* Build configuration list for PBXProject "MVP" */ = {
			isa = XCConfigurationList;
			buildConfigurations = (
				94E02286250E69F80019639B /* Debug */,
				94E02287250E69F80019639B /* Release */,
			);
			defaultConfigurationIsVisible = 0;
			defaultConfigurationName = Release;
		};
		94E02288250E69F80019639B /* Build configuration list for PBXNativeTarget "MVP" */ = {
			isa = XCConfigurationList;
			buildConfigurations = (
				94E02289250E69F80019639B /* Debug */,
				94E0228A250E69F80019639B /* Release */,
			);
			defaultConfigurationIsVisible = 0;
			defaultConfigurationName = Release;
		};
		94E0228B250E69F80019639B /* Build configuration list for PBXNativeTarget "MVPTests" */ = {
			isa = XCConfigurationList;
			buildConfigurations = (
				94E0228C250E69F80019639B /* Debug */,
				94E0228D250E69F80019639B /* Release */,
			);
			defaultConfigurationIsVisible = 0;
			defaultConfigurationName = Release;
		};
/* End XCConfigurationList section */
	};
	rootObject = 94E02261250E69F60019639B /* Project object */;
}
